
Microsoft Visual Studio Solution File, Format Version 12.00
Project("{2150E333-8FDC-42A3-9474-1A3956D46DE8}") = "Dotnet_10", "Dotnet_10", "{2DF5AF98-ADB3-4F99-B536-BCB9BACD0BB4}"
EndProject
Project("{FAE04EC0-301F-11D3-BF4B-00C04F79EFBC}") = "DotNet_10.Features", "DotNet_10\DotNet_10.Features\DotNet_10.Features.csproj", "{6CB732AA-882D-4B30-9110-77802FC33A1D}"
EndProject
Project("{FAE04EC0-301F-11D3-BF4B-00C04F79EFBC}") = "DotNet_10.Tests", "DotNet_10\DotNet_10.Tests\DotNet_10.Tests.csproj", "{F96E14AB-95FA-400D-95D1-0762C40722C6}"
EndProject
Global
	GlobalSection(SolutionConfigurationPlatforms) = preSolution
		Debug|Any CPU = Debug|Any CPU
		Debug|x64 = Debug|x64
		Debug|x86 = Debug|x86
		Release|Any CPU = Release|Any CPU
		Release|x64 = Release|x64
		Release|x86 = Release|x86
	EndGlobalSection
	GlobalSection(ProjectConfigurationPlatforms) = postSolution
		{6CB732AA-882D-4B30-9110-77802FC33A1D}.Debug|Any CPU.ActiveCfg = Debug|Any CPU
		{6CB732AA-882D-4B30-9110-77802FC33A1D}.Debug|Any CPU.Build.0 = Debug|Any CPU
		{6CB732AA-882D-4B30-9110-77802FC33A1D}.Debug|x64.ActiveCfg = Debug|Any CPU
		{6CB732AA-882D-4B30-9110-77802FC33A1D}.Debug|x64.Build.0 = Debug|Any CPU
		{6CB732AA-882D-4B30-9110-77802FC33A1D}.Debug|x86.ActiveCfg = Debug|Any CPU
		{6CB732AA-882D-4B30-9110-77802FC33A1D}.Debug|x86.Build.0 = Debug|Any CPU
		{6CB732AA-882D-4B30-9110-77802FC33A1D}.Release|Any CPU.ActiveCfg = Release|Any CPU
		{6CB732AA-882D-4B30-9110-77802FC33A1D}.Release|Any CPU.Build.0 = Release|Any CPU
		{6CB732AA-882D-4B30-9110-77802FC33A1D}.Release|x64.ActiveCfg = Release|Any CPU
		{6CB732AA-882D-4B30-9110-77802FC33A1D}.Release|x64.Build.0 = Release|Any CPU
		{6CB732AA-882D-4B30-9110-77802FC33A1D}.Release|x86.ActiveCfg = Release|Any CPU
		{6CB732AA-882D-4B30-9110-77802FC33A1D}.Release|x86.Build.0 = Release|Any CPU
		{F96E14AB-95FA-400D-95D1-0762C40722C6}.Debug|Any CPU.ActiveCfg = Debug|Any CPU
		{F96E14AB-95FA-400D-95D1-0762C40722C6}.Debug|Any CPU.Build.0 = Debug|Any CPU
		{F96E14AB-95FA-400D-95D1-0762C40722C6}.Debug|x64.ActiveCfg = Debug|Any CPU
		{F96E14AB-95FA-400D-95D1-0762C40722C6}.Debug|x64.Build.0 = Debug|Any CPU
		{F96E14AB-95FA-400D-95D1-0762C40722C6}.Debug|x86.ActiveCfg = Debug|Any CPU
		{F96E14AB-95FA-400D-95D1-0762C40722C6}.Debug|x86.Build.0 = Debug|Any CPU
		{F96E14AB-95FA-400D-95D1-0762C40722C6}.Release|Any CPU.ActiveCfg = Release|Any CPU
		{F96E14AB-95FA-400D-95D1-0762C40722C6}.Release|Any CPU.Build.0 = Release|Any CPU
		{F96E14AB-95FA-400D-95D1-0762C40722C6}.Release|x64.ActiveCfg = Release|Any CPU
		{F96E14AB-95FA-400D-95D1-0762C40722C6}.Release|x64.Build.0 = Release|Any CPU
		{F96E14AB-95FA-400D-95D1-0762C40722C6}.Release|x86.ActiveCfg = Release|Any CPU
		{F96E14AB-95FA-400D-95D1-0762C40722C6}.Release|x86.Build.0 = Release|Any CPU
	EndGlobalSection
	GlobalSection(SolutionProperties) = preSolution
		HideSolutionNode = FALSE
	EndGlobalSection
	GlobalSection(NestedProjects) = preSolution
		{6CB732AA-882D-4B30-9110-77802FC33A1D} = {2DF5AF98-ADB3-4F99-B536-BCB9BACD0BB4}
		{F96E14AB-95FA-400D-95D1-0762C40722C6} = {2DF5AF98-ADB3-4F99-B536-BCB9BACD0BB4}
	EndGlobalSection
EndGlobal
