
Microsoft Visual Studio Solution File, Format Version 12.00
Project("{2150E333-8FDC-42A3-9474-1A3956D46DE8}") = "Dotnet_10", "Dotnet_10", "{2DF5AF98-ADB3-4F99-B536-BCB9BACD0BB4}"
EndProject
Project("{FAE04EC0-301F-11D3-BF4B-00C04F79EFBC}") = "DotNet_10.Features", "DotNet_10\DotNet_10.Features\DotNet_10.Features.csproj", "{6CB732AA-882D-4B30-9110-77802FC33A1D}"
EndProject
Project("{FAE04EC0-301F-11D3-BF4B-00C04F79EFBC}") = "DotNet_10.Tests", "DotNet_10\DotNet_10.Tests\DotNet_10.Tests.csproj", "{F96E14AB-95FA-400D-95D1-0762C40722C6}"
EndProject
Project("{2150E333-8FDC-42A3-9474-1A3956D46DE8}") = "DesignPattern", "DesignPattern", "{4E8FBCA4-808E-46D3-971E-75B8FB6571AA}"
EndProject
Project("{2150E333-8FDC-42A3-9474-1A3956D46DE8}") = "Mediator", "Mediator", "{8FC851BA-5D14-8388-9481-2165916E1D89}"
EndProject
Project("{FAE04EC0-301F-11D3-BF4B-00C04F79EFBC}") = "WithoutMediator", "DesignPattern\Mediator\01_WithoutMediator\WithoutMediator.csproj", "{3A2E1588-57C6-4154-B04B-E1168D172AB8}"
EndProject
Project("{FAE04EC0-301F-11D3-BF4B-00C04F79EFBC}") = "ClassicMediator", "DesignPattern\Mediator\02_ClassicMediator\ClassicMediator.csproj", "{3938E32C-7033-47BC-98C8-F6AB7F18426E}"
EndProject
Project("{FAE04EC0-301F-11D3-BF4B-00C04F79EFBC}") = "RequestResponse", "DesignPattern\Mediator\03_RequestResponse\RequestResponse.csproj", "{14B0B426-F491-4836-B7A3-1007453EE857}"
EndProject
Project("{FAE04EC0-301F-11D3-BF4B-00C04F79EFBC}") = "Notification", "DesignPattern\Mediator\04_Notification\Notification.csproj", "{F4D9E00C-32FB-4024-A643-345A5B1E351F}"
EndProject
Project("{2150E333-8FDC-42A3-9474-1A3956D46DE8}") = "Espec", "Espec", "{C59AC297-7515-470D-87EF-A90E4D4ED70D}"
EndProject
Project("{FAE04EC0-301F-11D3-BF4B-00C04F79EFBC}") = "Espec_EHS_222", "Espec\Espec_EHS_222\Espec_EHS_222\Espec_EHS_222.csproj", "{5F71B0E1-2136-4EF1-BEEB-38B0E76CB456}"
EndProject
Project("{2150E333-8FDC-42A3-9474-1A3956D46DE8}") = "BnR", "BnR", "{764C3C6D-AF9E-4532-86E0-30827AD5546E}"
EndProject
Project("{FAE04EC0-301F-11D3-BF4B-00C04F79EFBC}") = "CreepTesterParser_V6", "BnR\CreepTesterParser_V6\CreepTesterParser_V6.csproj", "{DB67E355-0288-4FA1-A4C5-3047D5CAEBA0}"
EndProject
Global
	GlobalSection(SolutionConfigurationPlatforms) = preSolution
		Debug|Any CPU = Debug|Any CPU
		Debug|x64 = Debug|x64
		Debug|x86 = Debug|x86
		Release|Any CPU = Release|Any CPU
		Release|x64 = Release|x64
		Release|x86 = Release|x86
	EndGlobalSection
	GlobalSection(ProjectConfigurationPlatforms) = postSolution
		{6CB732AA-882D-4B30-9110-77802FC33A1D}.Debug|Any CPU.ActiveCfg = Debug|Any CPU
		{6CB732AA-882D-4B30-9110-77802FC33A1D}.Debug|Any CPU.Build.0 = Debug|Any CPU
		{6CB732AA-882D-4B30-9110-77802FC33A1D}.Debug|x64.ActiveCfg = Debug|Any CPU
		{6CB732AA-882D-4B30-9110-77802FC33A1D}.Debug|x64.Build.0 = Debug|Any CPU
		{6CB732AA-882D-4B30-9110-77802FC33A1D}.Debug|x86.ActiveCfg = Debug|Any CPU
		{6CB732AA-882D-4B30-9110-77802FC33A1D}.Debug|x86.Build.0 = Debug|Any CPU
		{6CB732AA-882D-4B30-9110-77802FC33A1D}.Release|Any CPU.ActiveCfg = Release|Any CPU
		{6CB732AA-882D-4B30-9110-77802FC33A1D}.Release|Any CPU.Build.0 = Release|Any CPU
		{6CB732AA-882D-4B30-9110-77802FC33A1D}.Release|x64.ActiveCfg = Release|Any CPU
		{6CB732AA-882D-4B30-9110-77802FC33A1D}.Release|x64.Build.0 = Release|Any CPU
		{6CB732AA-882D-4B30-9110-77802FC33A1D}.Release|x86.ActiveCfg = Release|Any CPU
		{6CB732AA-882D-4B30-9110-77802FC33A1D}.Release|x86.Build.0 = Release|Any CPU
		{F96E14AB-95FA-400D-95D1-0762C40722C6}.Debug|Any CPU.ActiveCfg = Debug|Any CPU
		{F96E14AB-95FA-400D-95D1-0762C40722C6}.Debug|Any CPU.Build.0 = Debug|Any CPU
		{F96E14AB-95FA-400D-95D1-0762C40722C6}.Debug|x64.ActiveCfg = Debug|Any CPU
		{F96E14AB-95FA-400D-95D1-0762C40722C6}.Debug|x64.Build.0 = Debug|Any CPU
		{F96E14AB-95FA-400D-95D1-0762C40722C6}.Debug|x86.ActiveCfg = Debug|Any CPU
		{F96E14AB-95FA-400D-95D1-0762C40722C6}.Debug|x86.Build.0 = Debug|Any CPU
		{F96E14AB-95FA-400D-95D1-0762C40722C6}.Release|Any CPU.ActiveCfg = Release|Any CPU
		{F96E14AB-95FA-400D-95D1-0762C40722C6}.Release|Any CPU.Build.0 = Release|Any CPU
		{F96E14AB-95FA-400D-95D1-0762C40722C6}.Release|x64.ActiveCfg = Release|Any CPU
		{F96E14AB-95FA-400D-95D1-0762C40722C6}.Release|x64.Build.0 = Release|Any CPU
		{F96E14AB-95FA-400D-95D1-0762C40722C6}.Release|x86.ActiveCfg = Release|Any CPU
		{F96E14AB-95FA-400D-95D1-0762C40722C6}.Release|x86.Build.0 = Release|Any CPU
		{3A2E1588-57C6-4154-B04B-E1168D172AB8}.Debug|Any CPU.ActiveCfg = Debug|Any CPU
		{3A2E1588-57C6-4154-B04B-E1168D172AB8}.Debug|Any CPU.Build.0 = Debug|Any CPU
		{3A2E1588-57C6-4154-B04B-E1168D172AB8}.Debug|x64.ActiveCfg = Debug|Any CPU
		{3A2E1588-57C6-4154-B04B-E1168D172AB8}.Debug|x64.Build.0 = Debug|Any CPU
		{3A2E1588-57C6-4154-B04B-E1168D172AB8}.Debug|x86.ActiveCfg = Debug|Any CPU
		{3A2E1588-57C6-4154-B04B-E1168D172AB8}.Debug|x86.Build.0 = Debug|Any CPU
		{3A2E1588-57C6-4154-B04B-E1168D172AB8}.Release|Any CPU.ActiveCfg = Release|Any CPU
		{3A2E1588-57C6-4154-B04B-E1168D172AB8}.Release|Any CPU.Build.0 = Release|Any CPU
		{3A2E1588-57C6-4154-B04B-E1168D172AB8}.Release|x64.ActiveCfg = Release|Any CPU
		{3A2E1588-57C6-4154-B04B-E1168D172AB8}.Release|x64.Build.0 = Release|Any CPU
		{3A2E1588-57C6-4154-B04B-E1168D172AB8}.Release|x86.ActiveCfg = Release|Any CPU
		{3A2E1588-57C6-4154-B04B-E1168D172AB8}.Release|x86.Build.0 = Release|Any CPU
		{3938E32C-7033-47BC-98C8-F6AB7F18426E}.Debug|Any CPU.ActiveCfg = Debug|Any CPU
		{3938E32C-7033-47BC-98C8-F6AB7F18426E}.Debug|Any CPU.Build.0 = Debug|Any CPU
		{3938E32C-7033-47BC-98C8-F6AB7F18426E}.Debug|x64.ActiveCfg = Debug|Any CPU
		{3938E32C-7033-47BC-98C8-F6AB7F18426E}.Debug|x64.Build.0 = Debug|Any CPU
		{3938E32C-7033-47BC-98C8-F6AB7F18426E}.Debug|x86.ActiveCfg = Debug|Any CPU
		{3938E32C-7033-47BC-98C8-F6AB7F18426E}.Debug|x86.Build.0 = Debug|Any CPU
		{3938E32C-7033-47BC-98C8-F6AB7F18426E}.Release|Any CPU.ActiveCfg = Release|Any CPU
		{3938E32C-7033-47BC-98C8-F6AB7F18426E}.Release|Any CPU.Build.0 = Release|Any CPU
		{3938E32C-7033-47BC-98C8-F6AB7F18426E}.Release|x64.ActiveCfg = Release|Any CPU
		{3938E32C-7033-47BC-98C8-F6AB7F18426E}.Release|x64.Build.0 = Release|Any CPU
		{3938E32C-7033-47BC-98C8-F6AB7F18426E}.Release|x86.ActiveCfg = Release|Any CPU
		{3938E32C-7033-47BC-98C8-F6AB7F18426E}.Release|x86.Build.0 = Release|Any CPU
		{14B0B426-F491-4836-B7A3-1007453EE857}.Debug|Any CPU.ActiveCfg = Debug|Any CPU
		{14B0B426-F491-4836-B7A3-1007453EE857}.Debug|Any CPU.Build.0 = Debug|Any CPU
		{14B0B426-F491-4836-B7A3-1007453EE857}.Debug|x64.ActiveCfg = Debug|Any CPU
		{14B0B426-F491-4836-B7A3-1007453EE857}.Debug|x64.Build.0 = Debug|Any CPU
		{14B0B426-F491-4836-B7A3-1007453EE857}.Debug|x86.ActiveCfg = Debug|Any CPU
		{14B0B426-F491-4836-B7A3-1007453EE857}.Debug|x86.Build.0 = Debug|Any CPU
		{14B0B426-F491-4836-B7A3-1007453EE857}.Release|Any CPU.ActiveCfg = Release|Any CPU
		{14B0B426-F491-4836-B7A3-1007453EE857}.Release|Any CPU.Build.0 = Release|Any CPU
		{14B0B426-F491-4836-B7A3-1007453EE857}.Release|x64.ActiveCfg = Release|Any CPU
		{14B0B426-F491-4836-B7A3-1007453EE857}.Release|x64.Build.0 = Release|Any CPU
		{14B0B426-F491-4836-B7A3-1007453EE857}.Release|x86.ActiveCfg = Release|Any CPU
		{14B0B426-F491-4836-B7A3-1007453EE857}.Release|x86.Build.0 = Release|Any CPU
		{F4D9E00C-32FB-4024-A643-345A5B1E351F}.Debug|Any CPU.ActiveCfg = Debug|Any CPU
		{F4D9E00C-32FB-4024-A643-345A5B1E351F}.Debug|Any CPU.Build.0 = Debug|Any CPU
		{F4D9E00C-32FB-4024-A643-345A5B1E351F}.Debug|x64.ActiveCfg = Debug|Any CPU
		{F4D9E00C-32FB-4024-A643-345A5B1E351F}.Debug|x64.Build.0 = Debug|Any CPU
		{F4D9E00C-32FB-4024-A643-345A5B1E351F}.Debug|x86.ActiveCfg = Debug|Any CPU
		{F4D9E00C-32FB-4024-A643-345A5B1E351F}.Debug|x86.Build.0 = Debug|Any CPU
		{F4D9E00C-32FB-4024-A643-345A5B1E351F}.Release|Any CPU.ActiveCfg = Release|Any CPU
		{F4D9E00C-32FB-4024-A643-345A5B1E351F}.Release|Any CPU.Build.0 = Release|Any CPU
		{F4D9E00C-32FB-4024-A643-345A5B1E351F}.Release|x64.ActiveCfg = Release|Any CPU
		{F4D9E00C-32FB-4024-A643-345A5B1E351F}.Release|x64.Build.0 = Release|Any CPU
		{F4D9E00C-32FB-4024-A643-345A5B1E351F}.Release|x86.ActiveCfg = Release|Any CPU
		{F4D9E00C-32FB-4024-A643-345A5B1E351F}.Release|x86.Build.0 = Release|Any CPU
		{5F71B0E1-2136-4EF1-BEEB-38B0E76CB456}.Debug|Any CPU.ActiveCfg = Debug|Any CPU
		{5F71B0E1-2136-4EF1-BEEB-38B0E76CB456}.Debug|Any CPU.Build.0 = Debug|Any CPU
		{5F71B0E1-2136-4EF1-BEEB-38B0E76CB456}.Debug|x64.ActiveCfg = Debug|Any CPU
		{5F71B0E1-2136-4EF1-BEEB-38B0E76CB456}.Debug|x64.Build.0 = Debug|Any CPU
		{5F71B0E1-2136-4EF1-BEEB-38B0E76CB456}.Debug|x86.ActiveCfg = Debug|Any CPU
		{5F71B0E1-2136-4EF1-BEEB-38B0E76CB456}.Debug|x86.Build.0 = Debug|Any CPU
		{5F71B0E1-2136-4EF1-BEEB-38B0E76CB456}.Release|Any CPU.ActiveCfg = Release|Any CPU
		{5F71B0E1-2136-4EF1-BEEB-38B0E76CB456}.Release|Any CPU.Build.0 = Release|Any CPU
		{5F71B0E1-2136-4EF1-BEEB-38B0E76CB456}.Release|x64.ActiveCfg = Release|Any CPU
		{5F71B0E1-2136-4EF1-BEEB-38B0E76CB456}.Release|x64.Build.0 = Release|Any CPU
		{5F71B0E1-2136-4EF1-BEEB-38B0E76CB456}.Release|x86.ActiveCfg = Release|Any CPU
		{5F71B0E1-2136-4EF1-BEEB-38B0E76CB456}.Release|x86.Build.0 = Release|Any CPU
		{DB67E355-0288-4FA1-A4C5-3047D5CAEBA0}.Debug|Any CPU.ActiveCfg = Debug|Any CPU
		{DB67E355-0288-4FA1-A4C5-3047D5CAEBA0}.Debug|Any CPU.Build.0 = Debug|Any CPU
		{DB67E355-0288-4FA1-A4C5-3047D5CAEBA0}.Debug|x64.ActiveCfg = Debug|Any CPU
		{DB67E355-0288-4FA1-A4C5-3047D5CAEBA0}.Debug|x64.Build.0 = Debug|Any CPU
		{DB67E355-0288-4FA1-A4C5-3047D5CAEBA0}.Debug|x86.ActiveCfg = Debug|Any CPU
		{DB67E355-0288-4FA1-A4C5-3047D5CAEBA0}.Debug|x86.Build.0 = Debug|Any CPU
		{DB67E355-0288-4FA1-A4C5-3047D5CAEBA0}.Release|Any CPU.ActiveCfg = Release|Any CPU
		{DB67E355-0288-4FA1-A4C5-3047D5CAEBA0}.Release|Any CPU.Build.0 = Release|Any CPU
		{DB67E355-0288-4FA1-A4C5-3047D5CAEBA0}.Release|x64.ActiveCfg = Release|Any CPU
		{DB67E355-0288-4FA1-A4C5-3047D5CAEBA0}.Release|x64.Build.0 = Release|Any CPU
		{DB67E355-0288-4FA1-A4C5-3047D5CAEBA0}.Release|x86.ActiveCfg = Release|Any CPU
		{DB67E355-0288-4FA1-A4C5-3047D5CAEBA0}.Release|x86.Build.0 = Release|Any CPU
	EndGlobalSection
	GlobalSection(SolutionProperties) = preSolution
		HideSolutionNode = FALSE
	EndGlobalSection
	GlobalSection(NestedProjects) = preSolution
		{6CB732AA-882D-4B30-9110-77802FC33A1D} = {2DF5AF98-ADB3-4F99-B536-BCB9BACD0BB4}
		{F96E14AB-95FA-400D-95D1-0762C40722C6} = {2DF5AF98-ADB3-4F99-B536-BCB9BACD0BB4}
		{8FC851BA-5D14-8388-9481-2165916E1D89} = {4E8FBCA4-808E-46D3-971E-75B8FB6571AA}
		{3A2E1588-57C6-4154-B04B-E1168D172AB8} = {8FC851BA-5D14-8388-9481-2165916E1D89}
		{3938E32C-7033-47BC-98C8-F6AB7F18426E} = {8FC851BA-5D14-8388-9481-2165916E1D89}
		{14B0B426-F491-4836-B7A3-1007453EE857} = {8FC851BA-5D14-8388-9481-2165916E1D89}
		{F4D9E00C-32FB-4024-A643-345A5B1E351F} = {8FC851BA-5D14-8388-9481-2165916E1D89}
		{5F71B0E1-2136-4EF1-BEEB-38B0E76CB456} = {C59AC297-7515-470D-87EF-A90E4D4ED70D}
		{DB67E355-0288-4FA1-A4C5-3047D5CAEBA0} = {764C3C6D-AF9E-4532-86E0-30827AD5546E}
	EndGlobalSection
EndGlobal
